
Microsoft Visual Studio Solution File, Format Version 12.00
# Visual Studio Version 17
VisualStudioVersion = 17.1.32210.238
MinimumVisualStudioVersion = 10.0.40219.1
Project("{00D1A9C2-B5F0-4AF3-8072-F6C62B433612}") = "Magellan.DataWarehouse.YMDB", "Magellan.DataWarehouse.YMDB\Magellan.DataWarehouse.YMDB.sqlproj", "{097524CC-C470-4749-BD1C-1016F04FC994}"
EndProject
Global
	GlobalSection(SolutionConfigurationPlatforms) = preSolution
		Debug|Any CPU = Debug|Any CPU
		Release|Any CPU = Release|Any CPU
	EndGlobalSection
	GlobalSection(ProjectConfigurationPlatforms) = postSolution
		{097524CC-C470-4749-BD1C-1016F04FC994}.Debug|Any CPU.ActiveCfg = Debug|Any CPU
		{097524CC-C470-4749-BD1C-1016F04FC994}.Debug|Any CPU.Build.0 = Debug|Any CPU
		{097524CC-C470-4749-BD1C-1016F04FC994}.Debug|Any CPU.Deploy.0 = Debug|Any CPU
		{097524CC-C470-4749-BD1C-1016F04FC994}.Release|Any CPU.ActiveCfg = Release|Any CPU
		{097524CC-C470-4749-BD1C-1016F04FC994}.Release|Any CPU.Build.0 = Release|Any CPU
		{097524CC-C470-4749-BD1C-1016F04FC994}.Release|Any CPU.Deploy.0 = Release|Any CPU
	EndGlobalSection
	GlobalSection(SolutionProperties) = preSolution
		HideSolutionNode = FALSE
	EndGlobalSection
	GlobalSection(ExtensibilityGlobals) = postSolution
		SolutionGuid = {B7C54978-B164-47CB-A2FA-8CBF6C04EFCF}
	EndGlobalSection
EndGlobal
